# This file is generated by running "yarn install" inside your project.
# Manual changes might be lost - proceed with caution!

__metadata:
  version: 4
  cacheKey: 7

"localstorage-queue@workspace:.":
  version: 0.0.0-use.local
  resolution: "localstorage-queue@workspace:."
  dependencies:
    prettier: ^2.3.1
    typescript: ^4.3.4
    zod: ^3.2.0
  languageName: unknown
  linkType: soft

"prettier@npm:^2.3.1":
  version: 2.3.1
  resolution: "prettier@npm:2.3.1"
  bin:
    prettier: bin-prettier.js
  checksum: 9b4a695b87ce5f510fc20feec01cce7371f0fa0b92ffe79d543f6be52e2004c532861629de4d7ab1c577e1f649dce3cfccd62cb2ca6526b1da8d9c63eb84bf36
  languageName: node
  linkType: hard

typescript@^4.3.4:
  version: 4.3.4
  resolution: "typescript@npm:4.3.4"
  bin:
    tsc: bin/tsc
    tsserver: bin/tsserver
  checksum: 9791c5fe98db6cb70ec0efad8d3d2eb957b9643ee600b90bff49267de69768d0d5f59c41a8fd731cfd63df1ccfb2cb25505a2015d7b39ac10ea51f605a058e16
  languageName: node
  linkType: hard

"typescript@patch:typescript@^4.3.4#builtin<compat/typescript>":
  version: 4.3.4
  resolution: "typescript@patch:typescript@npm%3A4.3.4#builtin<compat/typescript>::version=4.3.4&hash=ddfc1b"
  bin:
    tsc: bin/tsc
    tsserver: bin/tsserver
  checksum: c8766e84a4f71e925cc059af8286cc7f41819fe821d433b90c83e9b36729cbda7a8e4be3292d8a1433cd717d529c93217d58d173418f43862290b206bd88b284
  languageName: node
  linkType: hard

"zod@npm:^3.2.0":
  version: 3.2.0
  resolution: "zod@npm:3.2.0"
  checksum: 6a1bd281ddf19fa73c8a578672c9300d2702f7cee63ddb5f855f776e3ae64ba5250925fb04a008245fa18c06248521bc613f9c280ba393bf286bf4d64c6550dc
  languageName: node
  linkType: hard
